github.com/dominikbraun/graph v0.22.3 h1:2bbNzuMX+iKpM+XW1YPu7ch8IyXi/VbG7UYrRj2FHuI=
github.com/dominikbraun/graph v0.22.3/go.mod h1:yOjYyogZLY1LSG9E33JWZJiq5k83Qy2C6POAuiViluc=
github.com/google/uuid v1.3.0 h1:t6JiXgmwXMjEs8VusXIJk2BXHsn+wx8BZdTaoZ5fu7I=
github.com/google/uuid v1.3.0/go.mod h1:TIyPZe4MgqvfeYDBFedMoGGpEw/LqOeaOT+nhxU+yHo=
